
Microsoft Visual Studio Solution File, Format Version 12.00
# Visual Studio Version 16
VisualStudioVersion = 16.0.29911.84
MinimumVisualStudioVersion = 10.0.40219.1
Project("{FAE04EC0-301F-11D3-BF4B-00C04F79EFBC}") = "ResumeManagementSystem", "ResumeManagementSystem\ResumeManagementSystem.csproj", "{2BBB14CA-936A-4BBC-BD58-1390F0D37FC7}"
EndProject
Project("{FAE04EC0-301F-11D3-BF4B-00C04F79EFBC}") = "ResumeManagementSystem.Tests", "ResumeManagementSystem.Tests\ResumeManagementSystem.Tests.csproj", "{D166B8BA-E789-4FBB-9855-70D43C731EE5}"
EndProject
Global
	GlobalSection(SolutionConfigurationPlatforms) = preSolution
		Debug|Any CPU = Debug|Any CPU
		Release|Any CPU = Release|Any CPU
	EndGlobalSection
	GlobalSection(ProjectConfigurationPlatforms) = postSolution
		{2BBB14CA-936A-4BBC-BD58-1390F0D37FC7}.Debug|Any CPU.ActiveCfg = Debug|Any CPU
		{2BBB14CA-936A-4BBC-BD58-1390F0D37FC7}.Debug|Any CPU.Build.0 = Debug|Any CPU
		{2BBB14CA-936A-4BBC-BD58-1390F0D37FC7}.Release|Any CPU.ActiveCfg = Release|Any CPU
		{2BBB14CA-936A-4BBC-BD58-1390F0D37FC7}.Release|Any CPU.Build.0 = Release|Any CPU
		{D166B8BA-E789-4FBB-9855-70D43C731EE5}.Debug|Any CPU.ActiveCfg = Debug|Any CPU
		{D166B8BA-E789-4FBB-9855-70D43C731EE5}.Debug|Any CPU.Build.0 = Debug|Any CPU
		{D166B8BA-E789-4FBB-9855-70D43C731EE5}.Release|Any CPU.ActiveCfg = Release|Any CPU
		{D166B8BA-E789-4FBB-9855-70D43C731EE5}.Release|Any CPU.Build.0 = Release|Any CPU
	EndGlobalSection
	GlobalSection(SolutionProperties) = preSolution
		HideSolutionNode = FALSE
	EndGlobalSection
	GlobalSection(ExtensibilityGlobals) = postSolution
		SolutionGuid = {2FD15291-2917-4CA9-A11C-06043EE30557}
	EndGlobalSection
EndGlobal
